
Microsoft Visual Studio Solution File, Format Version 12.00
# Visual Studio Version 16
VisualStudioVersion = 16.0.31410.357
MinimumVisualStudioVersion = 10.0.40219.1
Project("{FAE04EC0-301F-11D3-BF4B-00C04F79EFBC}") = "MenuLateralConIconosYPaginas", "MenuLateralConIconosYPaginas.csproj", "{E7D5C260-849C-44B0-942E-D04CF020E99E}"
EndProject
Global
	GlobalSection(SolutionConfigurationPlatforms) = preSolution
		Debug|Any CPU = Debug|Any CPU
		Release|Any CPU = Release|Any CPU
	EndGlobalSection
	GlobalSection(ProjectConfigurationPlatforms) = postSolution
		{E7D5C260-849C-44B0-942E-D04CF020E99E}.Debug|Any CPU.ActiveCfg = Debug|Any CPU
		{E7D5C260-849C-44B0-942E-D04CF020E99E}.Debug|Any CPU.Build.0 = Debug|Any CPU
		{E7D5C260-849C-44B0-942E-D04CF020E99E}.Release|Any CPU.ActiveCfg = Release|Any CPU
		{E7D5C260-849C-44B0-942E-D04CF020E99E}.Release|Any CPU.Build.0 = Release|Any CPU
	EndGlobalSection
	GlobalSection(SolutionProperties) = preSolution
		HideSolutionNode = FALSE
	EndGlobalSection
	GlobalSection(ExtensibilityGlobals) = postSolution
		SolutionGuid = {EC51B78B-1DCB-4F97-965E-41B748409849}
	EndGlobalSection
EndGlobal
